
Microsoft Visual Studio Solution File, Format Version 12.00
# Visual Studio Version 17
VisualStudioVersion = 17.3.32929.385
MinimumVisualStudioVersion = 10.0.40219.1
Project("{FAE04EC0-301F-11D3-BF4B-00C04F79EFBC}") = "productStoreBackend", "productStoreBackend\productStoreBackend.csproj", "{7F61AAC0-437E-42A7-BB7A-EBD7D549EEFF}"
EndProject
Global
	GlobalSection(SolutionConfigurationPlatforms) = preSolution
		Debug|Any CPU = Debug|Any CPU
		Release|Any CPU = Release|Any CPU
	EndGlobalSection
	GlobalSection(ProjectConfigurationPlatforms) = postSolution
		{7F61AAC0-437E-42A7-BB7A-EBD7D549EEFF}.Debug|Any CPU.ActiveCfg = Debug|Any CPU
		{7F61AAC0-437E-42A7-BB7A-EBD7D549EEFF}.Debug|Any CPU.Build.0 = Debug|Any CPU
		{7F61AAC0-437E-42A7-BB7A-EBD7D549EEFF}.Release|Any CPU.ActiveCfg = Release|Any CPU
		{7F61AAC0-437E-42A7-BB7A-EBD7D549EEFF}.Release|Any CPU.Build.0 = Release|Any CPU
	EndGlobalSection
	GlobalSection(SolutionProperties) = preSolution
		HideSolutionNode = FALSE
	EndGlobalSection
	GlobalSection(ExtensibilityGlobals) = postSolution
		SolutionGuid = {A42C5D8C-B125-4524-B015-7B3AB6F6B527}
	EndGlobalSection
EndGlobal
